
Microsoft Visual Studio Solution File, Format Version 12.00
# Visual Studio Version 17
VisualStudioVersion = 17.8.34408.163
MinimumVisualStudioVersion = 10.0.40219.1
Project("{FAE04EC0-301F-11D3-BF4B-00C04F79EFBC}") = "SiPMTesterZMQ", "SiPMTesterZMQ\SiPMTesterZMQ.csproj", "{08BFABE9-8791-406F-9570-198AF08D68F1}"
EndProject
Global
	GlobalSection(SolutionConfigurationPlatforms) = preSolution
		Debug|Any CPU = Debug|Any CPU
		Release|Any CPU = Release|Any CPU
	EndGlobalSection
	GlobalSection(ProjectConfigurationPlatforms) = postSolution
		{08BFABE9-8791-406F-9570-198AF08D68F1}.Debug|Any CPU.ActiveCfg = Debug|Any CPU
		{08BFABE9-8791-406F-9570-198AF08D68F1}.Debug|Any CPU.Build.0 = Debug|Any CPU
		{08BFABE9-8791-406F-9570-198AF08D68F1}.Release|Any CPU.ActiveCfg = Release|Any CPU
		{08BFABE9-8791-406F-9570-198AF08D68F1}.Release|Any CPU.Build.0 = Release|Any CPU
	EndGlobalSection
	GlobalSection(SolutionProperties) = preSolution
		HideSolutionNode = FALSE
	EndGlobalSection
	GlobalSection(ExtensibilityGlobals) = postSolution
		SolutionGuid = {7AE77B1A-39DE-435D-82D6-8BF3DC966D3B}
	EndGlobalSection
EndGlobal
